
Microsoft Visual Studio Solution File, Format Version 12.00
# Visual Studio Version 16
VisualStudioVersion = 16.0.30523.141
MinimumVisualStudioVersion = 10.0.40219.1
Project("{FAE04EC0-301F-11D3-BF4B-00C04F79EFBC}") = "sl_Launcher", "sl_Launcher\sl_Launcher.csproj", "{09C25C8F-B693-48B5-84CB-B4A8E6349EA7}"
EndProject
Global
	GlobalSection(SolutionConfigurationPlatforms) = preSolution
		Debug|Any CPU = Debug|Any CPU
		Release|Any CPU = Release|Any CPU
	EndGlobalSection
	GlobalSection(ProjectConfigurationPlatforms) = postSolution
		{09C25C8F-B693-48B5-84CB-B4A8E6349EA7}.Debug|Any CPU.ActiveCfg = Debug|Any CPU
		{09C25C8F-B693-48B5-84CB-B4A8E6349EA7}.Debug|Any CPU.Build.0 = Debug|Any CPU
		{09C25C8F-B693-48B5-84CB-B4A8E6349EA7}.Release|Any CPU.ActiveCfg = Release|Any CPU
		{09C25C8F-B693-48B5-84CB-B4A8E6349EA7}.Release|Any CPU.Build.0 = Release|Any CPU
	EndGlobalSection
	GlobalSection(SolutionProperties) = preSolution
		HideSolutionNode = FALSE
	EndGlobalSection
	GlobalSection(ExtensibilityGlobals) = postSolution
		SolutionGuid = {01A713BF-066A-49EE-95FE-C9EC8FAD86F5}
	EndGlobalSection
EndGlobal
